
Microsoft Visual Studio Solution File, Format Version 12.00
# Visual Studio Version 16
VisualStudioVersion = 16.0.31624.102
MinimumVisualStudioVersion = 10.0.40219.1
Project("{FAE04EC0-301F-11D3-BF4B-00C04F79EFBC}") = "Homework11", "Homework11.csproj", "{883721E8-5C1E-4CFA-9FBD-76E0A53EFF37}"
EndProject
Global
	GlobalSection(SolutionConfigurationPlatforms) = preSolution
		Debug|Any CPU = Debug|Any CPU
		Release|Any CPU = Release|Any CPU
	EndGlobalSection
	GlobalSection(ProjectConfigurationPlatforms) = postSolution
		{883721E8-5C1E-4CFA-9FBD-76E0A53EFF37}.Debug|Any CPU.ActiveCfg = Debug|Any CPU
		{883721E8-5C1E-4CFA-9FBD-76E0A53EFF37}.Debug|Any CPU.Build.0 = Debug|Any CPU
		{883721E8-5C1E-4CFA-9FBD-76E0A53EFF37}.Release|Any CPU.ActiveCfg = Release|Any CPU
		{883721E8-5C1E-4CFA-9FBD-76E0A53EFF37}.Release|Any CPU.Build.0 = Release|Any CPU
	EndGlobalSection
	GlobalSection(SolutionProperties) = preSolution
		HideSolutionNode = FALSE
	EndGlobalSection
	GlobalSection(ExtensibilityGlobals) = postSolution
		SolutionGuid = {FBCC9D7A-394B-4B06-B434-EE3AEC219D70}
	EndGlobalSection
EndGlobal
